PODS:
  - Flutter (1.0.0)
  - screen_lock_check (1.0.0):
    - Flutter

DEPENDENCIES:
  - Flutter (from `Flutter`)
  - screen_lock_check (from `.symlinks/plugins/screen_lock_check/ios`)

EXTERNAL SOURCES:
  Flutter:
    :path: Flutter
  screen_lock_check:
    :path: ".symlinks/plugins/screen_lock_check/ios"

SPEC CHECKSUMS:
  Flutter: 0e3d915762c693b495b44d77113d4970485de6ec
  screen_lock_check: 7b72ba4920c1b92501fe66cb6132f6779cea06ae

PODFILE CHECKSUM: 8e679eca47255a8ca8067c4c67aab20e64cb974d

COCOAPODS: 1.11.2
